
Microsoft Visual Studio Solution File, Format Version 12.00
# Visual Studio Version 16
VisualStudioVersion = 16.0.30804.86
MinimumVisualStudioVersion = 10.0.40219.1
Project("{FAE04EC0-301F-11D3-BF4B-00C04F79EFBC}") = "Crud", "Crud\Crud.csproj", "{11F8743A-A685-4DE2-8865-94C8318F03B0}"
EndProject
Global
	GlobalSection(SolutionConfigurationPlatforms) = preSolution
		Debug|Any CPU = Debug|Any CPU
		Release|Any CPU = Release|Any CPU
	EndGlobalSection
	GlobalSection(ProjectConfigurationPlatforms) = postSolution
		{11F8743A-A685-4DE2-8865-94C8318F03B0}.Debug|Any CPU.ActiveCfg = Debug|Any CPU
		{11F8743A-A685-4DE2-8865-94C8318F03B0}.Debug|Any CPU.Build.0 = Debug|Any CPU
		{11F8743A-A685-4DE2-8865-94C8318F03B0}.Release|Any CPU.ActiveCfg = Release|Any CPU
		{11F8743A-A685-4DE2-8865-94C8318F03B0}.Release|Any CPU.Build.0 = Release|Any CPU
	EndGlobalSection
	GlobalSection(SolutionProperties) = preSolution
		HideSolutionNode = FALSE
	EndGlobalSection
	GlobalSection(ExtensibilityGlobals) = postSolution
		SolutionGuid = {A74E6E7F-98E9-4A8A-B630-0A40DCC0EFBE}
	EndGlobalSection
EndGlobal
